// !$*UTF8*$!
{
	archiveVersion = 1;
	classes = {
	};
	objectVersion = 52;
	objects = {

/* Begin PBXBuildFile section */
		6125864A26232E3B00F6D768 /* +UIColor.swift in Sources */ = {isa = PBXBuildFile; fileRef = 6125864926232E3B00F6D768 /* +UIColor.swift */; };
		612E882C2618CF8600E51C94 /* RealmSwift in Frameworks */ = {isa = PBXBuildFile; productRef = 612E882B2618CF8600E51C94 /* RealmSwift */; };
		612E882E2618CF8600E51C94 /* Realm in Frameworks */ = {isa = PBXBuildFile; productRef = 612E882D2618CF8600E51C94 /* Realm */; };
		612E88362618DDA200E51C94 /* Introspect in Frameworks */ = {isa = PBXBuildFile; productRef = 612E88352618DDA200E51C94 /* Introspect */; };
		612E883E2618DFFC00E51C94 /* RealmStore.swift in Sources */ = {isa = PBXBuildFile; fileRef = 612E883D2618DFFC00E51C94 /* RealmStore.swift */; };
		612E88432618E0D600E51C94 /* RealmTransaction.swift in Sources */ = {isa = PBXBuildFile; fileRef = 612E88422618E0D600E51C94 /* RealmTransaction.swift */; };
		612E88492618E52A00E51C94 /* CategoryType.swift in Sources */ = {isa = PBXBuildFile; fileRef = 612E88482618E52A00E51C94 /* CategoryType.swift */; };
		61799A0D26186A880068B705 /* Category.swift in Sources */ = {isa = PBXBuildFile; fileRef = 61799A0C26186A880068B705 /* Category.swift */; };
		61799A1626186D2F0068B705 /* CategoryItemView.swift in Sources */ = {isa = PBXBuildFile; fileRef = 61799A1526186D2F0068B705 /* CategoryItemView.swift */; };
		61799A1A261874F60068B705 /* VerticalLabelStyle.swift in Sources */ = {isa = PBXBuildFile; fileRef = 61799A19261874F60068B705 /* VerticalLabelStyle.swift */; };
		61799A4E26188AAC0068B705 /* StatisticsView.swift in Sources */ = {isa = PBXBuildFile; fileRef = 61799A4D26188AAC0068B705 /* StatisticsView.swift */; };
		61799A61261898D90068B705 /* SwiftUICharts in Frameworks */ = {isa = PBXBuildFile; productRef = 61799A60261898D90068B705 /* SwiftUICharts */; };
		61799A64261899DA0068B705 /* AddMoneyView.swift in Sources */ = {isa = PBXBuildFile; fileRef = 61799A63261899DA0068B705 /* AddMoneyView.swift */; };
		61799A702618C0540068B705 /* TabViewScreen.swift in Sources */ = {isa = PBXBuildFile; fileRef = 61799A6F2618C0540068B705 /* TabViewScreen.swift */; };
		617DCB6B2618652300CFD67C /* MoneyKeeperApp.swift in Sources */ = {isa = PBXBuildFile; fileRef = 617DCB6A2618652300CFD67C /* MoneyKeeperApp.swift */; };
		617DCB6D2618652300CFD67C /* DashboardView.swift in Sources */ = {isa = PBXBuildFile; fileRef = 617DCB6C2618652300CFD67C /* DashboardView.swift */; };
		617DCB6F2618652400CFD67C /* Assets.xcassets in Resources */ = {isa = PBXBuildFile; fileRef = 617DCB6E2618652400CFD67C /* Assets.xcassets */; };
		617DCB722618652400CFD67C /* Preview Assets.xcassets in Resources */ = {isa = PBXBuildFile; fileRef = 617DCB712618652400CFD67C /* Preview Assets.xcassets */; };
		619F9063261A3C360097C07E /* RealmCategory.swift in Sources */ = {isa = PBXBuildFile; fileRef = 619F9062261A3C360097C07E /* RealmCategory.swift */; };
		61A65646266EC2FF00CB328B /* TransactionsView.swift in Sources */ = {isa = PBXBuildFile; fileRef = 61A65645266EC2FF00CB328B /* TransactionsView.swift */; };
		61AAA8AC26EE747D0012D02B /* UpdateTransactionView.swift in Sources */ = {isa = PBXBuildFile; fileRef = 61AAA8AB26EE747D0012D02B /* UpdateTransactionView.swift */; };
		61AAA8AE26EE74EC0012D02B /* UpdateTransactionViewModel.swift in Sources */ = {isa = PBXBuildFile; fileRef = 61AAA8AD26EE74EC0012D02B /* UpdateTransactionViewModel.swift */; };
		61B919A0267160110009F963 /* TransactionViewModel.swift in Sources */ = {isa = PBXBuildFile; fileRef = 61B9199F267160110009F963 /* TransactionViewModel.swift */; };
		61B919A2267162D70009F963 /* TransactionItemView.swift in Sources */ = {isa = PBXBuildFile; fileRef = 61B919A1267162D70009F963 /* TransactionItemView.swift */; };
		61B919A4267163600009F963 /* Transaction.swift in Sources */ = {isa = PBXBuildFile; fileRef = 61B919A3267163600009F963 /* Transaction.swift */; };
		61B919A626716B730009F963 /* Constants.swift in Sources */ = {isa = PBXBuildFile; fileRef = 61B919A526716B730009F963 /* Constants.swift */; };
		61B919A826716DA90009F963 /* +Double.swift in Sources */ = {isa = PBXBuildFile; fileRef = 61B919A726716DA90009F963 /* +Double.swift */; };
		61BF64F02619E2DF0000373D /* AddCategoryItemView.swift in Sources */ = {isa = PBXBuildFile; fileRef = 61BF64EF2619E2DF0000373D /* AddCategoryItemView.swift */; };
		61BF64F62619ECA60000373D /* DashboardViewModel.swift in Sources */ = {isa = PBXBuildFile; fileRef = 61BF64F52619ECA60000373D /* DashboardViewModel.swift */; };
		61BF64FA2619F8570000373D /* StatisticsViewModel.swift in Sources */ = {isa = PBXBuildFile; fileRef = 61BF64F92619F8570000373D /* StatisticsViewModel.swift */; };
		61C865E1267F7139001889D0 /* +Formatter.swift in Sources */ = {isa = PBXBuildFile; fileRef = 61C865E0267F7139001889D0 /* +Formatter.swift */; };
		61C865E4267F7217001889D0 /* +Color.swift in Sources */ = {isa = PBXBuildFile; fileRef = 61C865E3267F7217001889D0 /* +Color.swift */; };
		61C865E7267F7507001889D0 /* Colors.xcassets in Resources */ = {isa = PBXBuildFile; fileRef = 61C865E6267F7507001889D0 /* Colors.xcassets */; };
		61D12F022687AF770003DE57 /* +Date.swift in Sources */ = {isa = PBXBuildFile; fileRef = 61D12F012687AF770003DE57 /* +Date.swift */; };
/* End PBXBuildFile section */

/* Begin PBXFileReference section */
		6125864926232E3B00F6D768 /* +UIColor.swift */ = {isa = PBXFileReference; lastKnownFileType = sourcecode.swift; path = "+UIColor.swift"; sourceTree = "<group>"; };
		612E883D2618DFFC00E51C94 /* RealmStore.swift */ = {isa = PBXFileReference; lastKnownFileType = sourcecode.swift; path = RealmStore.swift; sourceTree = "<group>"; };
		612E88422618E0D600E51C94 /* RealmTransaction.swift */ = {isa = PBXFileReference; lastKnownFileType = sourcecode.swift; path = RealmTransaction.swift; sourceTree = "<group>"; };
		612E88482618E52A00E51C94 /* CategoryType.swift */ = {isa = PBXFileReference; lastKnownFileType = sourcecode.swift; path = CategoryType.swift; sourceTree = "<group>"; };
		61799A0C26186A880068B705 /* Category.swift */ = {isa = PBXFileReference; lastKnownFileType = sourcecode.swift; path = Category.swift; sourceTree = "<group>"; };
		61799A1526186D2F0068B705 /* CategoryItemView.swift */ = {isa = PBXFileReference; lastKnownFileType = sourcecode.swift; path = CategoryItemView.swift; sourceTree = "<group>"; };
		61799A19261874F60068B705 /* VerticalLabelStyle.swift */ = {isa = PBXFileReference; lastKnownFileType = sourcecode.swift; path = VerticalLabelStyle.swift; sourceTree = "<group>"; };
		61799A4D26188AAC0068B705 /* StatisticsView.swift */ = {isa = PBXFileReference; lastKnownFileType = sourcecode.swift; path = StatisticsView.swift; sourceTree = "<group>"; };
		61799A63261899DA0068B705 /* AddMoneyView.swift */ = {isa = PBXFileReference; lastKnownFileType = sourcecode.swift; path = AddMoneyView.swift; sourceTree = "<group>"; };
		61799A6F2618C0540068B705 /* TabViewScreen.swift */ = {isa = PBXFileReference; lastKnownFileType = sourcecode.swift; path = TabViewScreen.swift; sourceTree = "<group>"; };
		617DCB672618652300CFD67C /* MoneyKeeper.app */ = {isa = PBXFileReference; explicitFileType = wrapper.application; includeInIndex = 0; path = MoneyKeeper.app; sourceTree = BUILT_PRODUCTS_DIR; };
		617DCB6A2618652300CFD67C /* MoneyKeeperApp.swift */ = {isa = PBXFileReference; lastKnownFileType = sourcecode.swift; path = MoneyKeeperApp.swift; sourceTree = "<group>"; };
		617DCB6C2618652300CFD67C /* DashboardView.swift */ = {isa = PBXFileReference; lastKnownFileType = sourcecode.swift; path = DashboardView.swift; sourceTree = "<group>"; };
		617DCB6E2618652400CFD67C /* Assets.xcassets */ = {isa = PBXFileReference; lastKnownFileType = folder.assetcatalog; path = Assets.xcassets; sourceTree = "<group>"; };
		617DCB712618652400CFD67C /* Preview Assets.xcassets */ = {isa = PBXFileReference; lastKnownFileType = folder.assetcatalog; path = "Preview Assets.xcassets"; sourceTree = "<group>"; };
		617DCB732618652400CFD67C /* Info.plist */ = {isa = PBXFileReference; lastKnownFileType = text.plist.xml; path = Info.plist; sourceTree = "<group>"; };
		619F9062261A3C360097C07E /* RealmCategory.swift */ = {isa = PBXFileReference; lastKnownFileType = sourcecode.swift; path = RealmCategory.swift; sourceTree = "<group>"; };
		61A65645266EC2FF00CB328B /* TransactionsView.swift */ = {isa = PBXFileReference; lastKnownFileType = sourcecode.swift; path = TransactionsView.swift; sourceTree = "<group>"; };
		61AAA8AB26EE747D0012D02B /* UpdateTransactionView.swift */ = {isa = PBXFileReference; lastKnownFileType = sourcecode.swift; path = UpdateTransactionView.swift; sourceTree = "<group>"; };
		61AAA8AD26EE74EC0012D02B /* UpdateTransactionViewModel.swift */ = {isa = PBXFileReference; lastKnownFileType = sourcecode.swift; path = UpdateTransactionViewModel.swift; sourceTree = "<group>"; };
		61B9199F267160110009F963 /* TransactionViewModel.swift */ = {isa = PBXFileReference; lastKnownFileType = sourcecode.swift; path = TransactionViewModel.swift; sourceTree = "<group>"; };
		61B919A1267162D70009F963 /* TransactionItemView.swift */ = {isa = PBXFileReference; lastKnownFileType = sourcecode.swift; path = TransactionItemView.swift; sourceTree = "<group>"; };
		61B919A3267163600009F963 /* Transaction.swift */ = {isa = PBXFileReference; lastKnownFileType = sourcecode.swift; path = Transaction.swift; sourceTree = "<group>"; };
		61B919A526716B730009F963 /* Constants.swift */ = {isa = PBXFileReference; lastKnownFileType = sourcecode.swift; path = Constants.swift; sourceTree = "<group>"; };
		61B919A726716DA90009F963 /* +Double.swift */ = {isa = PBXFileReference; lastKnownFileType = sourcecode.swift; path = "+Double.swift"; sourceTree = "<group>"; };
		61BF64EF2619E2DF0000373D /* AddCategoryItemView.swift */ = {isa = PBXFileReference; lastKnownFileType = sourcecode.swift; path = AddCategoryItemView.swift; sourceTree = "<group>"; };
		61BF64F52619ECA60000373D /* DashboardViewModel.swift */ = {isa = PBXFileReference; lastKnownFileType = sourcecode.swift; path = DashboardViewModel.swift; sourceTree = "<group>"; };
		61BF64F92619F8570000373D /* StatisticsViewModel.swift */ = {isa = PBXFileReference; lastKnownFileType = sourcecode.swift; path = StatisticsViewModel.swift; sourceTree = "<group>"; };
		61C865E0267F7139001889D0 /* +Formatter.swift */ = {isa = PBXFileReference; lastKnownFileType = sourcecode.swift; path = "+Formatter.swift"; sourceTree = "<group>"; };
		61C865E3267F7217001889D0 /* +Color.swift */ = {isa = PBXFileReference; lastKnownFileType = sourcecode.swift; path = "+Color.swift"; sourceTree = "<group>"; };
		61C865E6267F7507001889D0 /* Colors.xcassets */ = {isa = PBXFileReference; lastKnownFileType = folder.assetcatalog; path = Colors.xcassets; sourceTree = "<group>"; };
		61D12F012687AF770003DE57 /* +Date.swift */ = {isa = PBXFileReference; lastKnownFileType = sourcecode.swift; path = "+Date.swift"; sourceTree = "<group>"; };
/* End PBXFileReference section */

/* Begin PBXFrameworksBuildPhase section */
		617DCB642618652300CFD67C /* Frameworks */ = {
			isa = PBXFrameworksBuildPhase;
			buildActionMask = 2147483647;
			files = (
				612E882E2618CF8600E51C94 /* Realm in Frameworks */,
				612E88362618DDA200E51C94 /* Introspect in Frameworks */,
				612E882C2618CF8600E51C94 /* RealmSwift in Frameworks */,
				61799A61261898D90068B705 /* SwiftUICharts in Frameworks */,
			);
			runOnlyForDeploymentPostprocessing = 0;
		};
/* End PBXFrameworksBuildPhase section */

/* Begin PBXGroup section */
		612E883C2618DFEA00E51C94 /* Database */ = {
			isa = PBXGroup;
			children = (
				612E88412618E0B200E51C94 /* RealmObjects */,
				612E883D2618DFFC00E51C94 /* RealmStore.swift */,
			);
			path = Database;
			sourceTree = "<group>";
		};
		612E88412618E0B200E51C94 /* RealmObjects */ = {
			isa = PBXGroup;
			children = (
				612E88422618E0D600E51C94 /* RealmTransaction.swift */,
				619F9062261A3C360097C07E /* RealmCategory.swift */,
			);
			path = RealmObjects;
			sourceTree = "<group>";
		};
		61799A0F26186A8F0068B705 /* Model */ = {
			isa = PBXGroup;
			children = (
				612E88482618E52A00E51C94 /* CategoryType.swift */,
				61799A0C26186A880068B705 /* Category.swift */,
				61B919A3267163600009F963 /* Transaction.swift */,
			);
			path = Model;
			sourceTree = "<group>";
		};
		61799A672618BF6B0068B705 /* Dashboard */ = {
			isa = PBXGroup;
			children = (
				617DCB6C2618652300CFD67C /* DashboardView.swift */,
				61BF64F52619ECA60000373D /* DashboardViewModel.swift */,
				61799A1526186D2F0068B705 /* CategoryItemView.swift */,
				61BF64EF2619E2DF0000373D /* AddCategoryItemView.swift */,
				61799A6C2618BFAF0068B705 /* AddMoneyView */,
			);
			path = Dashboard;
			sourceTree = "<group>";
		};
		61799A6A2618BF9E0068B705 /* Utils */ = {
			isa = PBXGroup;
			children = (
				61B919A526716B730009F963 /* Constants.swift */,
				61799A19261874F60068B705 /* VerticalLabelStyle.swift */,
			);
			path = Utils;
			sourceTree = "<group>";
		};
		61799A6C2618BFAF0068B705 /* AddMoneyView */ = {
			isa = PBXGroup;
			children = (
				61799A63261899DA0068B705 /* AddMoneyView.swift */,
			);
			path = AddMoneyView;
			sourceTree = "<group>";
		};
		61799A6D2618BFBA0068B705 /* Statistics */ = {
			isa = PBXGroup;
			children = (
				61799A4D26188AAC0068B705 /* StatisticsView.swift */,
				61BF64F92619F8570000373D /* StatisticsViewModel.swift */,
			);
			path = Statistics;
			sourceTree = "<group>";
		};
		61799A6E2618C0460068B705 /* TabView */ = {
			isa = PBXGroup;
			children = (
				61799A6F2618C0540068B705 /* TabViewScreen.swift */,
				61799A672618BF6B0068B705 /* Dashboard */,
				61A65644266EC2C600CB328B /* Transactions */,
				61799A6D2618BFBA0068B705 /* Statistics */,
			);
			path = TabView;
			sourceTree = "<group>";
		};
		617DCB5E2618652300CFD67C = {
			isa = PBXGroup;
			children = (
				617DCB692618652300CFD67C /* MoneyKeeper */,
				617DCB682618652300CFD67C /* Products */,
			);
			sourceTree = "<group>";
		};
		617DCB682618652300CFD67C /* Products */ = {
			isa = PBXGroup;
			children = (
				617DCB672618652300CFD67C /* MoneyKeeper.app */,
			);
			name = Products;
			sourceTree = "<group>";
		};
		617DCB692618652300CFD67C /* MoneyKeeper */ = {
			isa = PBXGroup;
			children = (
				61799A6A2618BF9E0068B705 /* Utils */,
				61C865E2267F7162001889D0 /* Extensions */,
				612E883C2618DFEA00E51C94 /* Database */,
				61799A0F26186A8F0068B705 /* Model */,
				61799A6E2618C0460068B705 /* TabView */,
				617DCB6A2618652300CFD67C /* MoneyKeeperApp.swift */,
				617DCB6E2618652400CFD67C /* Assets.xcassets */,
				61C865E5267F7466001889D0 /* DesignSystem */,
				617DCB732618652400CFD67C /* Info.plist */,
				617DCB702618652400CFD67C /* Preview Content */,
			);
			path = MoneyKeeper;
			sourceTree = "<group>";
		};
		617DCB702618652400CFD67C /* Preview Content */ = {
			isa = PBXGroup;
			children = (
				617DCB712618652400CFD67C /* Preview Assets.xcassets */,
			);
			path = "Preview Content";
			sourceTree = "<group>";
		};
		61A65644266EC2C600CB328B /* Transactions */ = {
			isa = PBXGroup;
			children = (
				61AAA8AA26EE74650012D02B /* UpdateTransactionView */,
				61A65645266EC2FF00CB328B /* TransactionsView.swift */,
				61B919A1267162D70009F963 /* TransactionItemView.swift */,
				61B9199F267160110009F963 /* TransactionViewModel.swift */,
			);
			path = Transactions;
			sourceTree = "<group>";
		};
		61AAA8AA26EE74650012D02B /* UpdateTransactionView */ = {
			isa = PBXGroup;
			children = (
				61AAA8AB26EE747D0012D02B /* UpdateTransactionView.swift */,
				61AAA8AD26EE74EC0012D02B /* UpdateTransactionViewModel.swift */,
			);
			path = UpdateTransactionView;
			sourceTree = "<group>";
		};
		61C865E2267F7162001889D0 /* Extensions */ = {
			isa = PBXGroup;
			children = (
				6125864926232E3B00F6D768 /* +UIColor.swift */,
				61B919A726716DA90009F963 /* +Double.swift */,
				61C865E0267F7139001889D0 /* +Formatter.swift */,
				61D12F012687AF770003DE57 /* +Date.swift */,
			);
			path = Extensions;
			sourceTree = "<group>";
		};
		61C865E5267F7466001889D0 /* DesignSystem */ = {
			isa = PBXGroup;
			children = (
				61C865E6267F7507001889D0 /* Colors.xcassets */,
				61C865E3267F7217001889D0 /* +Color.swift */,
			);
			path = DesignSystem;
			sourceTree = "<group>";
		};
/* End PBXGroup section */

/* Begin PBXNativeTarget section */
		617DCB662618652300CFD67C /* MoneyKeeper */ = {
			isa = PBXNativeTarget;
			buildConfigurationList = 617DCB762618652400CFD67C /* Build configuration list for PBXNativeTarget "MoneyKeeper" */;
			buildPhases = (
				617DCB632618652300CFD67C /* Sources */,
				617DCB642618652300CFD67C /* Frameworks */,
				617DCB652618652300CFD67C /* Resources */,
			);
			buildRules = (
			);
			dependencies = (
			);
			name = MoneyKeeper;
			packageProductDependencies = (
				61799A60261898D90068B705 /* SwiftUICharts */,
				612E882B2618CF8600E51C94 /* RealmSwift */,
				612E882D2618CF8600E51C94 /* Realm */,
				612E88352618DDA200E51C94 /* Introspect */,
			);
			productName = MoneyKeeper;
			productReference = 617DCB672618652300CFD67C /* MoneyKeeper.app */;
			productType = "com.apple.product-type.application";
		};
/* End PBXNativeTarget section */

/* Begin PBXProject section */
		617DCB5F2618652300CFD67C /* Project object */ = {
			isa = PBXProject;
			attributes = {
				LastSwiftUpdateCheck = 1240;
				LastUpgradeCheck = 1240;
				TargetAttributes = {
					617DCB662618652300CFD67C = {
						CreatedOnToolsVersion = 12.4;
					};
				};
			};
			buildConfigurationList = 617DCB622618652300CFD67C /* Build configuration list for PBXProject "MoneyKeeper" */;
			compatibilityVersion = "Xcode 9.3";
			developmentRegion = en;
			hasScannedForEncodings = 0;
			knownRegions = (
				en,
				Base,
			);
			mainGroup = 617DCB5E2618652300CFD67C;
			packageReferences = (
				61799A5F261898D90068B705 /* XCRemoteSwiftPackageReference "SwiftUICharts" */,
				612E882A2618CF8600E51C94 /* XCRemoteSwiftPackageReference "realm-cocoa" */,
				612E88342618DDA200E51C94 /* XCRemoteSwiftPackageReference "SwiftUI-Introspect" */,
			);
			productRefGroup = 617DCB682618652300CFD67C /* Products */;
			projectDirPath = "";
			projectRoot = "";
			targets = (
				617DCB662618652300CFD67C /* MoneyKeeper */,
			);
		};
/* End PBXProject section */

/* Begin PBXResourcesBuildPhase section */
		617DCB652618652300CFD67C /* Resources */ = {
			isa = PBXResourcesBuildPhase;
			buildActionMask = 2147483647;
			files = (
				61C865E7267F7507001889D0 /* Colors.xcassets in Resources */,
				617DCB722618652400CFD67C /* Preview Assets.xcassets in Resources */,
				617DCB6F2618652400CFD67C /* Assets.xcassets in Resources */,
			);
			runOnlyForDeploymentPostprocessing = 0;
		};
/* End PBXResourcesBuildPhase section */

/* Begin PBXSourcesBuildPhase section */
		617DCB632618652300CFD67C /* Sources */ = {
			isa = PBXSourcesBuildPhase;
			buildActionMask = 2147483647;
			files = (
				61AAA8AC26EE747D0012D02B /* UpdateTransactionView.swift in Sources */,
				61799A1626186D2F0068B705 /* CategoryItemView.swift in Sources */,
				61C865E4267F7217001889D0 /* +Color.swift in Sources */,
				6125864A26232E3B00F6D768 /* +UIColor.swift in Sources */,
				61799A64261899DA0068B705 /* AddMoneyView.swift in Sources */,
				61C865E1267F7139001889D0 /* +Formatter.swift in Sources */,
				612E88432618E0D600E51C94 /* RealmTransaction.swift in Sources */,
				612E883E2618DFFC00E51C94 /* RealmStore.swift in Sources */,
				617DCB6D2618652300CFD67C /* DashboardView.swift in Sources */,
				61799A4E26188AAC0068B705 /* StatisticsView.swift in Sources */,
				617DCB6B2618652300CFD67C /* MoneyKeeperApp.swift in Sources */,
				61BF64FA2619F8570000373D /* StatisticsViewModel.swift in Sources */,
				61BF64F02619E2DF0000373D /* AddCategoryItemView.swift in Sources */,
				61A65646266EC2FF00CB328B /* TransactionsView.swift in Sources */,
				61B919A626716B730009F963 /* Constants.swift in Sources */,
				61B919A0267160110009F963 /* TransactionViewModel.swift in Sources */,
				61799A1A261874F60068B705 /* VerticalLabelStyle.swift in Sources */,
				61799A702618C0540068B705 /* TabViewScreen.swift in Sources */,
				61B919A4267163600009F963 /* Transaction.swift in Sources */,
				61B919A826716DA90009F963 /* +Double.swift in Sources */,
				61799A0D26186A880068B705 /* Category.swift in Sources */,
				61B919A2267162D70009F963 /* TransactionItemView.swift in Sources */,
				619F9063261A3C360097C07E /* RealmCategory.swift in Sources */,
				61D12F022687AF770003DE57 /* +Date.swift in Sources */,
				612E88492618E52A00E51C94 /* CategoryType.swift in Sources */,
				61BF64F62619ECA60000373D /* DashboardViewModel.swift in Sources */,
				61AAA8AE26EE74EC0012D02B /* UpdateTransactionViewModel.swift in Sources */,
			);
			runOnlyForDeploymentPostprocessing = 0;
		};
/* End PBXSourcesBuildPhase section */

/* Begin XCBuildConfiguration section */
		617DCB742618652400CFD67C /* Debug */ = {
			isa = XCBuildConfiguration;
			buildSettings = {
				ALWAYS_SEARCH_USER_PATHS = NO;
				CLANG_ANALYZER_NONNULL = YES;
				CLANG_ANALYZER_NUMBER_OBJECT_CONVERSION = YES_AGGRESSIVE;
				CLANG_CXX_LANGUAGE_STANDARD = "gnu++14";
				CLANG_CXX_LIBRARY = "libc++";
				CLANG_ENABLE_MODULES = YES;
				CLANG_ENABLE_OBJC_ARC = YES;
				CLANG_ENABLE_OBJC_WEAK = YES;
				CLANG_WARN_BLOCK_CAPTURE_AUTORELEASING = YES;
				CLANG_WARN_BOOL_CONVERSION = YES;
				CLANG_WARN_COMMA = YES;
				CLANG_WARN_CONSTANT_CONVERSION = YES;
				CLANG_WARN_DEPRECATED_OBJC_IMPLEMENTATIONS = YES;
				CLANG_WARN_DIRECT_OBJC_ISA_USAGE = YES_ERROR;
				CLANG_WARN_DOCUMENTATION_COMMENTS = YES;
				CLANG_WARN_EMPTY_BODY = YES;
				CLANG_WARN_ENUM_CONVERSION = YES;
				CLANG_WARN_INFINITE_RECURSION = YES;
				CLANG_WARN_INT_CONVERSION = YES;
				CLANG_WARN_NON_LITERAL_NULL_CONVERSION = YES;
				CLANG_WARN_OBJC_IMPLICIT_RETAIN_SELF = YES;
				CLANG_WARN_OBJC_LITERAL_CONVERSION = YES;
				CLANG_WARN_OBJC_ROOT_CLASS = YES_ERROR;
				CLANG_WARN_QUOTED_INCLUDE_IN_FRAMEWORK_HEADER = YES;
				CLANG_WARN_RANGE_LOOP_ANALYSIS = YES;
				CLANG_WARN_STRICT_PROTOTYPES = YES;
				CLANG_WARN_SUSPICIOUS_MOVE = YES;
				CLANG_WARN_UNGUARDED_AVAILABILITY = YES_AGGRESSIVE;
				CLANG_WARN_UNREACHABLE_CODE = YES;
				CLANG_WARN__DUPLICATE_METHOD_MATCH = YES;
				COPY_PHASE_STRIP = NO;
				DEBUG_INFORMATION_FORMAT = dwarf;
				ENABLE_STRICT_OBJC_MSGSEND = YES;
				ENABLE_TESTABILITY = YES;
				GCC_C_LANGUAGE_STANDARD = gnu11;
				GCC_DYNAMIC_NO_PIC = NO;
				GCC_NO_COMMON_BLOCKS = YES;
				GCC_OPTIMIZATION_LEVEL = 0;
				GCC_PREPROCESSOR_DEFINITIONS = (
					"DEBUG=1",
					"$(inherited)",
				);
				GCC_WARN_64_TO_32_BIT_CONVERSION = YES;
				GCC_WARN_ABOUT_RETURN_TYPE = YES_ERROR;
				GCC_WARN_UNDECLARED_SELECTOR = YES;
				GCC_WARN_UNINITIALIZED_AUTOS = YES_AGGRESSIVE;
				GCC_WARN_UNUSED_FUNCTION = YES;
				GCC_WARN_UNUSED_VARIABLE = YES;
				IPHONEOS_DEPLOYMENT_TARGET = 15.0;
				MTL_ENABLE_DEBUG_INFO = INCLUDE_SOURCE;
				MTL_FAST_MATH = YES;
				ONLY_ACTIVE_ARCH = YES;
				SDKROOT = iphoneos;
				SWIFT_ACTIVE_COMPILATION_CONDITIONS = DEBUG;
				SWIFT_OPTIMIZATION_LEVEL = "-Onone";
			};
			name = Debug;
		};
		617DCB752618652400CFD67C /* Release */ = {
			isa = XCBuildConfiguration;
			buildSettings = {
				ALWAYS_SEARCH_USER_PATHS = NO;
				CLANG_ANALYZER_NONNULL = YES;
				CLANG_ANALYZER_NUMBER_OBJECT_CONVERSION = YES_AGGRESSIVE;
				CLANG_CXX_LANGUAGE_STANDARD = "gnu++14";
				CLANG_CXX_LIBRARY = "libc++";
				CLANG_ENABLE_MODULES = YES;
				CLANG_ENABLE_OBJC_ARC = YES;
				CLANG_ENABLE_OBJC_WEAK = YES;
				CLANG_WARN_BLOCK_CAPTURE_AUTORELEASING = YES;
				CLANG_WARN_BOOL_CONVERSION = YES;
				CLANG_WARN_COMMA = YES;
				CLANG_WARN_CONSTANT_CONVERSION = YES;
				CLANG_WARN_DEPRECATED_OBJC_IMPLEMENTATIONS = YES;
				CLANG_WARN_DIRECT_OBJC_ISA_USAGE = YES_ERROR;
				CLANG_WARN_DOCUMENTATION_COMMENTS = YES;
				CLANG_WARN_EMPTY_BODY = YES;
				CLANG_WARN_ENUM_CONVERSION = YES;
				CLANG_WARN_INFINITE_RECURSION = YES;
				CLANG_WARN_INT_CONVERSION = YES;
				CLANG_WARN_NON_LITERAL_NULL_CONVERSION = YES;
				CLANG_WARN_OBJC_IMPLICIT_RETAIN_SELF = YES;
				CLANG_WARN_OBJC_LITERAL_CONVERSION = YES;
				CLANG_WARN_OBJC_ROOT_CLASS = YES_ERROR;
				CLANG_WARN_QUOTED_INCLUDE_IN_FRAMEWORK_HEADER = YES;
				CLANG_WARN_RANGE_LOOP_ANALYSIS = YES;
				CLANG_WARN_STRICT_PROTOTYPES = YES;
				CLANG_WARN_SUSPICIOUS_MOVE = YES;
				CLANG_WARN_UNGUARDED_AVAILABILITY = YES_AGGRESSIVE;
				CLANG_WARN_UNREACHABLE_CODE = YES;
				CLANG_WARN__DUPLICATE_METHOD_MATCH = YES;
				COPY_PHASE_STRIP = NO;
				DEBUG_INFORMATION_FORMAT = "dwarf-with-dsym";
				ENABLE_NS_ASSERTIONS = NO;
				ENABLE_STRICT_OBJC_MSGSEND = YES;
				GCC_C_LANGUAGE_STANDARD = gnu11;
				GCC_NO_COMMON_BLOCKS = YES;
				GCC_WARN_64_TO_32_BIT_CONVERSION = YES;
				GCC_WARN_ABOUT_RETURN_TYPE = YES_ERROR;
				GCC_WARN_UNDECLARED_SELECTOR = YES;
				GCC_WARN_UNINITIALIZED_AUTOS = YES_AGGRESSIVE;
				GCC_WARN_UNUSED_FUNCTION = YES;
				GCC_WARN_UNUSED_VARIABLE = YES;
				IPHONEOS_DEPLOYMENT_TARGET = 15.0;
				MTL_ENABLE_DEBUG_INFO = NO;
				MTL_FAST_MATH = YES;
				SDKROOT = iphoneos;
				SWIFT_COMPILATION_MODE = wholemodule;
				SWIFT_OPTIMIZATION_LEVEL = "-O";
				VALIDATE_PRODUCT = YES;
			};
			name = Release;
		};
		617DCB772618652400CFD67C /* Debug */ = {
			isa = XCBuildConfiguration;
			buildSettings = {
				ASSETCATALOG_COMPILER_APPICON_NAME = AppIcon;
				ASSETCATALOG_COMPILER_GLOBAL_ACCENT_COLOR_NAME = AccentColor;
				CODE_SIGN_STYLE = Automatic;
				DEVELOPMENT_ASSET_PATHS = "\"MoneyKeeper/Preview Content\"";
				DEVELOPMENT_TEAM = U8GGDK7QHE;
				ENABLE_PREVIEWS = YES;
				INFOPLIST_FILE = MoneyKeeper/Info.plist;
				IPHONEOS_DEPLOYMENT_TARGET = 15.0;
				LD_RUNPATH_SEARCH_PATHS = (
					"$(inherited)",
					"@executable_path/Frameworks",
				);
				PRODUCT_BUNDLE_IDENTIFIER = com.antonsapunov.MoneyKeeper;
				PRODUCT_NAME = "$(TARGET_NAME)";
				SWIFT_VERSION = 5.0;
				TARGETED_DEVICE_FAMILY = "1,2";
			};
			name = Debug;
		};
		617DCB782618652400CFD67C /* Release */ = {
			isa = XCBuildConfiguration;
			buildSettings = {
				ASSETCATALOG_COMPILER_APPICON_NAME = AppIcon;
				ASSETCATALOG_COMPILER_GLOBAL_ACCENT_COLOR_NAME = AccentColor;
				CODE_SIGN_STYLE = Automatic;
				DEVELOPMENT_ASSET_PATHS = "\"MoneyKeeper/Preview Content\"";
				DEVELOPMENT_TEAM = U8GGDK7QHE;
				ENABLE_PREVIEWS = YES;
				INFOPLIST_FILE = MoneyKeeper/Info.plist;
				IPHONEOS_DEPLOYMENT_TARGET = 15.0;
				LD_RUNPATH_SEARCH_PATHS = (
					"$(inherited)",
					"@executable_path/Frameworks",
				);
				PRODUCT_BUNDLE_IDENTIFIER = com.antonsapunov.MoneyKeeper;
				PRODUCT_NAME = "$(TARGET_NAME)";
				SWIFT_VERSION = 5.0;
				TARGETED_DEVICE_FAMILY = "1,2";
			};
			name = Release;
		};
/* End XCBuildConfiguration section */

/* Begin XCConfigurationList section */
		617DCB622618652300CFD67C /* Build configuration list for PBXProject "MoneyKeeper" */ = {
			isa = XCConfigurationList;
			buildConfigurations = (
				617DCB742618652400CFD67C /* Debug */,
				617DCB752618652400CFD67C /* Release */,
			);
			defaultConfigurationIsVisible = 0;
			defaultConfigurationName = Release;
		};
		617DCB762618652400CFD67C /* Build configuration list for PBXNativeTarget "MoneyKeeper" */ = {
			isa = XCConfigurationList;
			buildConfigurations = (
				617DCB772618652400CFD67C /* Debug */,
				617DCB782618652400CFD67C /* Release */,
			);
			defaultConfigurationIsVisible = 0;
			defaultConfigurationName = Release;
		};
/* End XCConfigurationList section */

/* Begin XCRemoteSwiftPackageReference section */
		612E882A2618CF8600E51C94 /* XCRemoteSwiftPackageReference "realm-cocoa" */ = {
			isa = XCRemoteSwiftPackageReference;
			repositoryURL = "https://github.com/realm/realm-cocoa.git";
			requirement = {
				kind = upToNextMajorVersion;
				minimumVersion = 10.7.2;
			};
		};
		612E88342618DDA200E51C94 /* XCRemoteSwiftPackageReference "SwiftUI-Introspect" */ = {
			isa = XCRemoteSwiftPackageReference;
			repositoryURL = "https://github.com/siteline/SwiftUI-Introspect.git";
			requirement = {
				kind = upToNextMajorVersion;
				minimumVersion = 0.1.3;
			};
		};
		61799A5F261898D90068B705 /* XCRemoteSwiftPackageReference "SwiftUICharts" */ = {
			isa = XCRemoteSwiftPackageReference;
			repositoryURL = "https://github.com/mecid/SwiftUICharts";
			requirement = {
				kind = upToNextMajorVersion;
				minimumVersion = 0.5.2;
			};
		};
/* End XCRemoteSwiftPackageReference section */

/* Begin XCSwiftPackageProductDependency section */
		612E882B2618CF8600E51C94 /* RealmSwift */ = {
			isa = XCSwiftPackageProductDependency;
			package = 612E882A2618CF8600E51C94 /* XCRemoteSwiftPackageReference "realm-cocoa" */;
			productName = RealmSwift;
		};
		612E882D2618CF8600E51C94 /* Realm */ = {
			isa = XCSwiftPackageProductDependency;
			package = 612E882A2618CF8600E51C94 /* XCRemoteSwiftPackageReference "realm-cocoa" */;
			productName = Realm;
		};
		612E88352618DDA200E51C94 /* Introspect */ = {
			isa = XCSwiftPackageProductDependency;
			package = 612E88342618DDA200E51C94 /* XCRemoteSwiftPackageReference "SwiftUI-Introspect" */;
			productName = Introspect;
		};
		61799A60261898D90068B705 /* SwiftUICharts */ = {
			isa = XCSwiftPackageProductDependency;
			package = 61799A5F261898D90068B705 /* XCRemoteSwiftPackageReference "SwiftUICharts" */;
			productName = SwiftUICharts;
		};
/* End XCSwiftPackageProductDependency section */
	};
	rootObject = 617DCB5F2618652300CFD67C /* Project object */;
}
